{
  "version": 4,
  "terraform_version": "1.5.7",
  "serial": 78,
  "lineage": "2d8a2baa-5fa7-6fc3-1216-81a3367c0af6",
  "outputs": {
    "external_elasticsearch": {
      "value": "",
      "type": "string"
    },
    "external_grafana": {
      "value": "158.160.111.72",
      "type": "string"
    },
    "external_kibana": {
      "value": "158.160.109.127",
      "type": "string"
    },
    "external_prometheus": {
      "value": "",
      "type": "string"
    },
    "internal_elasticsearch": {
      "value": "192.168.10.19",
      "type": "string"
    },
    "internal_grafana": {
      "value": "192.168.10.13",
      "type": "string"
    },
    "internal_kibana": {
      "value": "192.168.10.22",
      "type": "string"
    },
    "internal_prometheus": {
      "value": "192.168.10.23",
      "type": "string"
    }
  },
  "resources": [
    {
      "mode": "managed",
      "type": "yandex_compute_instance",
      "name": "elasticsearch",
      "provider": "provider[\"registry.terraform.io/yandex-cloud/yandex\"]",
      "instances": [
        {
          "schema_version": 1,
          "attributes": {
            "allow_recreate": null,
            "allow_stopping_for_update": true,
            "boot_disk": [
              {
                "auto_delete": true,
                "device_name": "fhmhfnv7lgqma0fm9tvn",
                "disk_id": "fhmhfnv7lgqma0fm9tvn",
                "initialize_params": [
                  {
                    "block_size": 4096,
                    "description": "",
                    "image_id": "fd8d8etig5vu92nh75bm",
                    "name": "",
                    "size": 5,
                    "snapshot_id": "",
                    "type": "network-hdd"
                  }
                ],
                "mode": "READ_WRITE"
              }
            ],
            "created_at": "2023-09-15T12:46:41Z",
            "description": "",
            "filesystem": [],
            "folder_id": "b1g7m1f0du99jio1nr2o",
            "fqdn": "fhmpl37tgbk2q9a8f5us.auto.internal",
            "gpu_cluster_id": "",
            "hostname": "",
            "id": "fhmpl37tgbk2q9a8f5us",
            "labels": null,
            "local_disk": [],
            "metadata": {
              "user-data": "#cloud-config\nusers:\n  - name: miroshnichenko\n    groups: sudo\n    shell: /bin/bash\n    sudo: ['ALL=(ALL) NOPASSWD:ALL']  \n    ssh-authorized-keys:\n      - ssh-rsa AAAAB3NzaC1yc2EAAAADAQABAAABgQCpEVTvLfMVp0ZydLogg5s1D8WzKQaY2n0MqDsBNX2YkoaHP1vHs0Aqg5ICFaKXwVnc1ns6ntMO8hYYm8ShO6fw47MFYm6JtnK7YItJT+MAj8gPYId1HiEaE47e1NSF6a5IVglw6eTo+KLHEhl+YS+zew/UcNcOYLcBP3hWdtGQmjRygy6o9BXkwUlDQ6PgwZ4A+8gd3wEkHNlabqB/43rJsDzJzMGRcduEdQAZh4A6KwXs3S9BpidSaAwwoV2DyK95PZl2w6/UfvdHeSjUkzoe+EiMbiDGXGkekDsuHKpm6Npdok3rd3wW8YgYHYimuT1VuUYw2aONffA45xIN3/udpT58JAfV1F7NrAq4g3nu5eFR97bPM9xUXYeW7Wy4x8VyzKLWKZH4LjyWiWp9bGsaJXiEsY/tIbYNpA7ZVHZszk8ObPLODZ1IVfAUNKHNMtZ9vrrWp0anRIeq2zfOCvM8bGfKm0gUJ9j6TWslEmE7uK6uSQLv7lqts7Aj2hq3rG0= miroshnichenko@pc5\n\ndisable_root: true\ntimezone: Europe/Moscow\nrepo_update: true\nrepo_upgrade: true\napt:\n  preserve_sources_list: true\n\npackages:\n  - net-tools\n\n#runcmd:\n#  - [ systemctl, nginx-reload ]\n#  - [ systemctl, enable, nginx.service ]\n#  - [ systemctl, start, --no-block, nginx.service ]\n#  - [ sh, -c, \"echo $(hostname | cut -d '.' -f 1 ) \u003e /var/www/html/index.html\" ]"
            },
            "metadata_options": [
              {
                "aws_v1_http_endpoint": 1,
                "aws_v1_http_token": 2,
                "gce_http_endpoint": 1,
                "gce_http_token": 1
              }
            ],
            "name": "elasticsearch",
            "network_acceleration_type": "standard",
            "network_interface": [
              {
                "dns_record": [],
                "index": 0,
                "ip_address": "192.168.10.19",
                "ipv4": true,
                "ipv6": false,
                "ipv6_address": "",
                "ipv6_dns_record": [],
                "mac_address": "d0:0d:19:a8:cf:d8",
                "nat": false,
                "nat_dns_record": [],
                "nat_ip_address": "",
                "nat_ip_version": "",
                "security_group_ids": [],
                "subnet_id": "e9bufq00uf9pr27dsq8q"
              }
            ],
            "placement_policy": [
              {
                "host_affinity_rules": [],
                "placement_group_id": ""
              }
            ],
            "platform_id": "standard-v2",
            "resources": [
              {
                "core_fraction": 20,
                "cores": 2,
                "gpus": 0,
                "memory": 2
              }
            ],
            "scheduling_policy": [
              {
                "preemptible": false
              }
            ],
            "secondary_disk": [],
            "service_account_id": "",
            "status": "running",
            "timeouts": null,
            "zone": "ru-central1-a"
          },
          "sensitive_attributes": [],
          "private": "eyJlMmJmYjczMC1lY2FhLTExZTYtOGY4OC0zNDM2M2JjN2M0YzAiOnsiY3JlYXRlIjozMDAwMDAwMDAwMDAsImRlbGV0ZSI6MzAwMDAwMDAwMDAwLCJ1cGRhdGUiOjMwMDAwMDAwMDAwMH0sInNjaGVtYV92ZXJzaW9uIjoiMSJ9",
          "dependencies": [
            "yandex_vpc_network.network-1",
            "yandex_vpc_subnet.subnet-1"
          ]
        }
      ]
    },
    {
      "mode": "managed",
      "type": "yandex_compute_instance",
      "name": "grafana",
      "provider": "provider[\"registry.terraform.io/yandex-cloud/yandex\"]",
      "instances": [
        {
          "schema_version": 1,
          "attributes": {
            "allow_recreate": null,
            "allow_stopping_for_update": true,
            "boot_disk": [
              {
                "auto_delete": true,
                "device_name": "fhmbqvep471h3cl3ut5k",
                "disk_id": "fhmbqvep471h3cl3ut5k",
                "initialize_params": [
                  {
                    "block_size": 4096,
                    "description": "",
                    "image_id": "fd8d8etig5vu92nh75bm",
                    "name": "",
                    "size": 5,
                    "snapshot_id": "",
                    "type": "network-hdd"
                  }
                ],
                "mode": "READ_WRITE"
              }
            ],
            "created_at": "2023-09-15T12:46:41Z",
            "description": "",
            "filesystem": [],
            "folder_id": "b1g7m1f0du99jio1nr2o",
            "fqdn": "fhmmm7p6hp168qr2h0p0.auto.internal",
            "gpu_cluster_id": "",
            "hostname": "",
            "id": "fhmmm7p6hp168qr2h0p0",
            "labels": null,
            "local_disk": [],
            "metadata": {
              "user-data": "#cloud-config\nusers:\n  - name: miroshnichenko\n    groups: sudo\n    shell: /bin/bash\n    sudo: ['ALL=(ALL) NOPASSWD:ALL']  \n    ssh-authorized-keys:\n      - ssh-rsa AAAAB3NzaC1yc2EAAAADAQABAAABgQCpEVTvLfMVp0ZydLogg5s1D8WzKQaY2n0MqDsBNX2YkoaHP1vHs0Aqg5ICFaKXwVnc1ns6ntMO8hYYm8ShO6fw47MFYm6JtnK7YItJT+MAj8gPYId1HiEaE47e1NSF6a5IVglw6eTo+KLHEhl+YS+zew/UcNcOYLcBP3hWdtGQmjRygy6o9BXkwUlDQ6PgwZ4A+8gd3wEkHNlabqB/43rJsDzJzMGRcduEdQAZh4A6KwXs3S9BpidSaAwwoV2DyK95PZl2w6/UfvdHeSjUkzoe+EiMbiDGXGkekDsuHKpm6Npdok3rd3wW8YgYHYimuT1VuUYw2aONffA45xIN3/udpT58JAfV1F7NrAq4g3nu5eFR97bPM9xUXYeW7Wy4x8VyzKLWKZH4LjyWiWp9bGsaJXiEsY/tIbYNpA7ZVHZszk8ObPLODZ1IVfAUNKHNMtZ9vrrWp0anRIeq2zfOCvM8bGfKm0gUJ9j6TWslEmE7uK6uSQLv7lqts7Aj2hq3rG0= miroshnichenko@pc5\n\ndisable_root: true\ntimezone: Europe/Moscow\nrepo_update: true\nrepo_upgrade: true\napt:\n  preserve_sources_list: true\n\npackages:\n  - net-tools\n\n#runcmd:\n#  - [ systemctl, nginx-reload ]\n#  - [ systemctl, enable, nginx.service ]\n#  - [ systemctl, start, --no-block, nginx.service ]\n#  - [ sh, -c, \"echo $(hostname | cut -d '.' -f 1 ) \u003e /var/www/html/index.html\" ]"
            },
            "metadata_options": [
              {
                "aws_v1_http_endpoint": 1,
                "aws_v1_http_token": 2,
                "gce_http_endpoint": 1,
                "gce_http_token": 1
              }
            ],
            "name": "grafana",
            "network_acceleration_type": "standard",
            "network_interface": [
              {
                "dns_record": [],
                "index": 0,
                "ip_address": "192.168.10.13",
                "ipv4": true,
                "ipv6": false,
                "ipv6_address": "",
                "ipv6_dns_record": [],
                "mac_address": "d0:0d:16:b1:f2:68",
                "nat": true,
                "nat_dns_record": [],
                "nat_ip_address": "158.160.111.72",
                "nat_ip_version": "IPV4",
                "security_group_ids": [],
                "subnet_id": "e9bufq00uf9pr27dsq8q"
              }
            ],
            "placement_policy": [
              {
                "host_affinity_rules": [],
                "placement_group_id": ""
              }
            ],
            "platform_id": "standard-v2",
            "resources": [
              {
                "core_fraction": 20,
                "cores": 2,
                "gpus": 0,
                "memory": 2
              }
            ],
            "scheduling_policy": [
              {
                "preemptible": false
              }
            ],
            "secondary_disk": [],
            "service_account_id": "",
            "status": "running",
            "timeouts": null,
            "zone": "ru-central1-a"
          },
          "sensitive_attributes": [],
          "private": "eyJlMmJmYjczMC1lY2FhLTExZTYtOGY4OC0zNDM2M2JjN2M0YzAiOnsiY3JlYXRlIjozMDAwMDAwMDAwMDAsImRlbGV0ZSI6MzAwMDAwMDAwMDAwLCJ1cGRhdGUiOjMwMDAwMDAwMDAwMH0sInNjaGVtYV92ZXJzaW9uIjoiMSJ9",
          "dependencies": [
            "yandex_vpc_network.network-1",
            "yandex_vpc_subnet.subnet-1"
          ]
        }
      ]
    },
    {
      "mode": "managed",
      "type": "yandex_compute_instance",
      "name": "kibana",
      "provider": "provider[\"registry.terraform.io/yandex-cloud/yandex\"]",
      "instances": [
        {
          "schema_version": 1,
          "attributes": {
            "allow_recreate": null,
            "allow_stopping_for_update": true,
            "boot_disk": [
              {
                "auto_delete": true,
                "device_name": "fhm5ka6nvobs1v158auf",
                "disk_id": "fhm5ka6nvobs1v158auf",
                "initialize_params": [
                  {
                    "block_size": 4096,
                    "description": "",
                    "image_id": "fd8d8etig5vu92nh75bm",
                    "name": "",
                    "size": 5,
                    "snapshot_id": "",
                    "type": "network-hdd"
                  }
                ],
                "mode": "READ_WRITE"
              }
            ],
            "created_at": "2023-09-15T12:46:41Z",
            "description": "",
            "filesystem": [],
            "folder_id": "b1g7m1f0du99jio1nr2o",
            "fqdn": "fhmhcrtaeomsgk4joubr.auto.internal",
            "gpu_cluster_id": "",
            "hostname": "",
            "id": "fhmhcrtaeomsgk4joubr",
            "labels": null,
            "local_disk": [],
            "metadata": {
              "user-data": "#cloud-config\nusers:\n  - name: miroshnichenko\n    groups: sudo\n    shell: /bin/bash\n    sudo: ['ALL=(ALL) NOPASSWD:ALL']  \n    ssh-authorized-keys:\n      - ssh-rsa AAAAB3NzaC1yc2EAAAADAQABAAABgQCpEVTvLfMVp0ZydLogg5s1D8WzKQaY2n0MqDsBNX2YkoaHP1vHs0Aqg5ICFaKXwVnc1ns6ntMO8hYYm8ShO6fw47MFYm6JtnK7YItJT+MAj8gPYId1HiEaE47e1NSF6a5IVglw6eTo+KLHEhl+YS+zew/UcNcOYLcBP3hWdtGQmjRygy6o9BXkwUlDQ6PgwZ4A+8gd3wEkHNlabqB/43rJsDzJzMGRcduEdQAZh4A6KwXs3S9BpidSaAwwoV2DyK95PZl2w6/UfvdHeSjUkzoe+EiMbiDGXGkekDsuHKpm6Npdok3rd3wW8YgYHYimuT1VuUYw2aONffA45xIN3/udpT58JAfV1F7NrAq4g3nu5eFR97bPM9xUXYeW7Wy4x8VyzKLWKZH4LjyWiWp9bGsaJXiEsY/tIbYNpA7ZVHZszk8ObPLODZ1IVfAUNKHNMtZ9vrrWp0anRIeq2zfOCvM8bGfKm0gUJ9j6TWslEmE7uK6uSQLv7lqts7Aj2hq3rG0= miroshnichenko@pc5\n\ndisable_root: true\ntimezone: Europe/Moscow\nrepo_update: true\nrepo_upgrade: true\napt:\n  preserve_sources_list: true\n\npackages:\n  - net-tools\n\n#runcmd:\n#  - [ systemctl, nginx-reload ]\n#  - [ systemctl, enable, nginx.service ]\n#  - [ systemctl, start, --no-block, nginx.service ]\n#  - [ sh, -c, \"echo $(hostname | cut -d '.' -f 1 ) \u003e /var/www/html/index.html\" ]"
            },
            "metadata_options": [
              {
                "aws_v1_http_endpoint": 1,
                "aws_v1_http_token": 2,
                "gce_http_endpoint": 1,
                "gce_http_token": 1
              }
            ],
            "name": "kibana",
            "network_acceleration_type": "standard",
            "network_interface": [
              {
                "dns_record": [],
                "index": 0,
                "ip_address": "192.168.10.22",
                "ipv4": true,
                "ipv6": false,
                "ipv6_address": "",
                "ipv6_dns_record": [],
                "mac_address": "d0:0d:11:66:fa:a7",
                "nat": true,
                "nat_dns_record": [],
                "nat_ip_address": "158.160.109.127",
                "nat_ip_version": "IPV4",
                "security_group_ids": [],
                "subnet_id": "e9bufq00uf9pr27dsq8q"
              }
            ],
            "placement_policy": [
              {
                "host_affinity_rules": [],
                "placement_group_id": ""
              }
            ],
            "platform_id": "standard-v2",
            "resources": [
              {
                "core_fraction": 20,
                "cores": 2,
                "gpus": 0,
                "memory": 2
              }
            ],
            "scheduling_policy": [
              {
                "preemptible": false
              }
            ],
            "secondary_disk": [],
            "service_account_id": "",
            "status": "running",
            "timeouts": null,
            "zone": "ru-central1-a"
          },
          "sensitive_attributes": [],
          "private": "eyJlMmJmYjczMC1lY2FhLTExZTYtOGY4OC0zNDM2M2JjN2M0YzAiOnsiY3JlYXRlIjozMDAwMDAwMDAwMDAsImRlbGV0ZSI6MzAwMDAwMDAwMDAwLCJ1cGRhdGUiOjMwMDAwMDAwMDAwMH0sInNjaGVtYV92ZXJzaW9uIjoiMSJ9",
          "dependencies": [
            "yandex_vpc_network.network-1",
            "yandex_vpc_subnet.subnet-1"
          ]
        }
      ]
    },
    {
      "mode": "managed",
      "type": "yandex_compute_instance",
      "name": "prometheus",
      "provider": "provider[\"registry.terraform.io/yandex-cloud/yandex\"]",
      "instances": [
        {
          "schema_version": 1,
          "attributes": {
            "allow_recreate": null,
            "allow_stopping_for_update": true,
            "boot_disk": [
              {
                "auto_delete": true,
                "device_name": "fhm0iqis6q0lktllilfm",
                "disk_id": "fhm0iqis6q0lktllilfm",
                "initialize_params": [
                  {
                    "block_size": 4096,
                    "description": "",
                    "image_id": "fd8d8etig5vu92nh75bm",
                    "name": "",
                    "size": 5,
                    "snapshot_id": "",
                    "type": "network-hdd"
                  }
                ],
                "mode": "READ_WRITE"
              }
            ],
            "created_at": "2023-09-15T12:46:41Z",
            "description": "",
            "filesystem": [],
            "folder_id": "b1g7m1f0du99jio1nr2o",
            "fqdn": "fhm73g5assjdu30bcd2j.auto.internal",
            "gpu_cluster_id": "",
            "hostname": "",
            "id": "fhm73g5assjdu30bcd2j",
            "labels": null,
            "local_disk": [],
            "metadata": {
              "user-data": "#cloud-config\nusers:\n  - name: miroshnichenko\n    groups: sudo\n    shell: /bin/bash\n    sudo: ['ALL=(ALL) NOPASSWD:ALL']  \n    ssh-authorized-keys:\n      - ssh-rsa AAAAB3NzaC1yc2EAAAADAQABAAABgQCpEVTvLfMVp0ZydLogg5s1D8WzKQaY2n0MqDsBNX2YkoaHP1vHs0Aqg5ICFaKXwVnc1ns6ntMO8hYYm8ShO6fw47MFYm6JtnK7YItJT+MAj8gPYId1HiEaE47e1NSF6a5IVglw6eTo+KLHEhl+YS+zew/UcNcOYLcBP3hWdtGQmjRygy6o9BXkwUlDQ6PgwZ4A+8gd3wEkHNlabqB/43rJsDzJzMGRcduEdQAZh4A6KwXs3S9BpidSaAwwoV2DyK95PZl2w6/UfvdHeSjUkzoe+EiMbiDGXGkekDsuHKpm6Npdok3rd3wW8YgYHYimuT1VuUYw2aONffA45xIN3/udpT58JAfV1F7NrAq4g3nu5eFR97bPM9xUXYeW7Wy4x8VyzKLWKZH4LjyWiWp9bGsaJXiEsY/tIbYNpA7ZVHZszk8ObPLODZ1IVfAUNKHNMtZ9vrrWp0anRIeq2zfOCvM8bGfKm0gUJ9j6TWslEmE7uK6uSQLv7lqts7Aj2hq3rG0= miroshnichenko@pc5\n\ndisable_root: true\ntimezone: Europe/Moscow\nrepo_update: true\nrepo_upgrade: true\napt:\n  preserve_sources_list: true\n\npackages:\n  - net-tools\n\n#runcmd:\n#  - [ systemctl, nginx-reload ]\n#  - [ systemctl, enable, nginx.service ]\n#  - [ systemctl, start, --no-block, nginx.service ]\n#  - [ sh, -c, \"echo $(hostname | cut -d '.' -f 1 ) \u003e /var/www/html/index.html\" ]"
            },
            "metadata_options": [
              {
                "aws_v1_http_endpoint": 1,
                "aws_v1_http_token": 2,
                "gce_http_endpoint": 1,
                "gce_http_token": 1
              }
            ],
            "name": "prometheus",
            "network_acceleration_type": "standard",
            "network_interface": [
              {
                "dns_record": [],
                "index": 0,
                "ip_address": "192.168.10.23",
                "ipv4": true,
                "ipv6": false,
                "ipv6_address": "",
                "ipv6_dns_record": [],
                "mac_address": "d0:0d:71:c0:aa:e7",
                "nat": false,
                "nat_dns_record": [],
                "nat_ip_address": "",
                "nat_ip_version": "",
                "security_group_ids": [],
                "subnet_id": "e9bufq00uf9pr27dsq8q"
              }
            ],
            "placement_policy": [
              {
                "host_affinity_rules": [],
                "placement_group_id": ""
              }
            ],
            "platform_id": "standard-v2",
            "resources": [
              {
                "core_fraction": 20,
                "cores": 2,
                "gpus": 0,
                "memory": 2
              }
            ],
            "scheduling_policy": [
              {
                "preemptible": false
              }
            ],
            "secondary_disk": [],
            "service_account_id": "",
            "status": "running",
            "timeouts": null,
            "zone": "ru-central1-a"
          },
          "sensitive_attributes": [],
          "private": "eyJlMmJmYjczMC1lY2FhLTExZTYtOGY4OC0zNDM2M2JjN2M0YzAiOnsiY3JlYXRlIjozMDAwMDAwMDAwMDAsImRlbGV0ZSI6MzAwMDAwMDAwMDAwLCJ1cGRhdGUiOjMwMDAwMDAwMDAwMH0sInNjaGVtYV92ZXJzaW9uIjoiMSJ9",
          "dependencies": [
            "yandex_vpc_network.network-1",
            "yandex_vpc_subnet.subnet-1"
          ]
        }
      ]
    },
    {
      "mode": "managed",
      "type": "yandex_vpc_network",
      "name": "network-1",
      "provider": "provider[\"registry.terraform.io/yandex-cloud/yandex\"]",
      "instances": [
        {
          "schema_version": 0,
          "attributes": {
            "created_at": "2023-09-15T12:46:38Z",
            "default_security_group_id": "enp5e7hcpcc444usvnqq",
            "description": "",
            "folder_id": "b1g7m1f0du99jio1nr2o",
            "id": "enps93k22c6b8dsbg49d",
            "labels": {},
            "name": "network1",
            "subnet_ids": [],
            "timeouts": null
          },
          "sensitive_attributes": [],
          "private": "eyJlMmJmYjczMC1lY2FhLTExZTYtOGY4OC0zNDM2M2JjN2M0YzAiOnsiY3JlYXRlIjo2MDAwMDAwMDAwMCwiZGVsZXRlIjo2MDAwMDAwMDAwMCwidXBkYXRlIjo2MDAwMDAwMDAwMH19"
        }
      ]
    },
    {
      "mode": "managed",
      "type": "yandex_vpc_subnet",
      "name": "subnet-1",
      "provider": "provider[\"registry.terraform.io/yandex-cloud/yandex\"]",
      "instances": [
        {
          "schema_version": 0,
          "attributes": {
            "created_at": "2023-09-15T12:46:40Z",
            "description": "",
            "dhcp_options": [],
            "folder_id": "b1g7m1f0du99jio1nr2o",
            "id": "e9bufq00uf9pr27dsq8q",
            "labels": {},
            "name": "subnet1",
            "network_id": "enps93k22c6b8dsbg49d",
            "route_table_id": "",
            "timeouts": null,
            "v4_cidr_blocks": [
              "192.168.10.0/24"
            ],
            "v6_cidr_blocks": [],
            "zone": "ru-central1-a"
          },
          "sensitive_attributes": [],
          "private": "eyJlMmJmYjczMC1lY2FhLTExZTYtOGY4OC0zNDM2M2JjN2M0YzAiOnsiY3JlYXRlIjoxODAwMDAwMDAwMDAsImRlbGV0ZSI6MTgwMDAwMDAwMDAwLCJ1cGRhdGUiOjE4MDAwMDAwMDAwMH19",
          "dependencies": [
            "yandex_vpc_network.network-1"
          ]
        }
      ]
    }
  ],
  "check_results": null
}
